
Microsoft Visual Studio Solution File, Format Version 12.00
# Visual Studio 15
VisualStudioVersion = 15.0.28010.2050
MinimumVisualStudioVersion = 10.0.40219.1
Project("{FAE04EC0-301F-11D3-BF4B-00C04F79EFBC}") = "01.UserCollections", "UserCollections\01.UserCollections.csproj", "{5757275F-E117-4EEC-B06A-4947B0C04E2A}"
EndProject
Project("{FAE04EC0-301F-11D3-BF4B-00C04F79EFBC}") = "02.UserCollectionGeneric", "02.UserCollectionGeneric\02.UserCollectionGeneric.csproj", "{56E78323-77F6-45C3-A2C3-A39AB60255FA}"
EndProject
Global
	GlobalSection(SolutionConfigurationPlatforms) = preSolution
		Debug|Any CPU = Debug|Any CPU
		Release|Any CPU = Release|Any CPU
	EndGlobalSection
	GlobalSection(ProjectConfigurationPlatforms) = postSolution
		{5757275F-E117-4EEC-B06A-4947B0C04E2A}.Debug|Any CPU.ActiveCfg = Debug|Any CPU
		{5757275F-E117-4EEC-B06A-4947B0C04E2A}.Debug|Any CPU.Build.0 = Debug|Any CPU
		{5757275F-E117-4EEC-B06A-4947B0C04E2A}.Release|Any CPU.ActiveCfg = Release|Any CPU
		{5757275F-E117-4EEC-B06A-4947B0C04E2A}.Release|Any CPU.Build.0 = Release|Any CPU
		{56E78323-77F6-45C3-A2C3-A39AB60255FA}.Debug|Any CPU.ActiveCfg = Debug|Any CPU
		{56E78323-77F6-45C3-A2C3-A39AB60255FA}.Debug|Any CPU.Build.0 = Debug|Any CPU
		{56E78323-77F6-45C3-A2C3-A39AB60255FA}.Release|Any CPU.ActiveCfg = Release|Any CPU
		{56E78323-77F6-45C3-A2C3-A39AB60255FA}.Release|Any CPU.Build.0 = Release|Any CPU
	EndGlobalSection
	GlobalSection(SolutionProperties) = preSolution
		HideSolutionNode = FALSE
	EndGlobalSection
	GlobalSection(ExtensibilityGlobals) = postSolution
		SolutionGuid = {12B245C8-35A1-41B2-BB6E-7B0A7FDDCBB8}
	EndGlobalSection
EndGlobal
