
Microsoft Visual Studio Solution File, Format Version 12.00
# Visual Studio 15
VisualStudioVersion = 15.0.28010.2050
MinimumVisualStudioVersion = 10.0.40219.1
Project("{FAE04EC0-301F-11D3-BF4B-00C04F79EFBC}") = "Obsolete", "Obsolete\Obsolete.csproj", "{F155ABA2-A34F-4683-83DF-D03D35C609BE}"
EndProject
Global
	GlobalSection(SolutionConfigurationPlatforms) = preSolution
		Debug|Any CPU = Debug|Any CPU
		Release|Any CPU = Release|Any CPU
	EndGlobalSection
	GlobalSection(ProjectConfigurationPlatforms) = postSolution
		{F155ABA2-A34F-4683-83DF-D03D35C609BE}.Debug|Any CPU.ActiveCfg = Debug|Any CPU
		{F155ABA2-A34F-4683-83DF-D03D35C609BE}.Debug|Any CPU.Build.0 = Debug|Any CPU
		{F155ABA2-A34F-4683-83DF-D03D35C609BE}.Release|Any CPU.ActiveCfg = Release|Any CPU
		{F155ABA2-A34F-4683-83DF-D03D35C609BE}.Release|Any CPU.Build.0 = Release|Any CPU
	EndGlobalSection
	GlobalSection(SolutionProperties) = preSolution
		HideSolutionNode = FALSE
	EndGlobalSection
	GlobalSection(ExtensibilityGlobals) = postSolution
		SolutionGuid = {DFD59AEB-BF93-4652-992F-ED5F57FD5FA9}
	EndGlobalSection
EndGlobal
