
Microsoft Visual Studio Solution File, Format Version 12.00
# Visual Studio 15
VisualStudioVersion = 15.0.28010.2050
MinimumVisualStudioVersion = 10.0.40219.1
Project("{FAE04EC0-301F-11D3-BF4B-00C04F79EFBC}") = "GetDataFromURLAsynchronously", "GetDataFromURLAsynchronously\GetDataFromURLAsynchronously.csproj", "{8B76AF34-9DE4-4480-B077-79D3484DCB80}"
EndProject
Global
	GlobalSection(SolutionConfigurationPlatforms) = preSolution
		Debug|Any CPU = Debug|Any CPU
		Release|Any CPU = Release|Any CPU
	EndGlobalSection
	GlobalSection(ProjectConfigurationPlatforms) = postSolution
		{8B76AF34-9DE4-4480-B077-79D3484DCB80}.Debug|Any CPU.ActiveCfg = Debug|Any CPU
		{8B76AF34-9DE4-4480-B077-79D3484DCB80}.Debug|Any CPU.Build.0 = Debug|Any CPU
		{8B76AF34-9DE4-4480-B077-79D3484DCB80}.Release|Any CPU.ActiveCfg = Release|Any CPU
		{8B76AF34-9DE4-4480-B077-79D3484DCB80}.Release|Any CPU.Build.0 = Release|Any CPU
	EndGlobalSection
	GlobalSection(SolutionProperties) = preSolution
		HideSolutionNode = FALSE
	EndGlobalSection
	GlobalSection(ExtensibilityGlobals) = postSolution
		SolutionGuid = {4DFA0E9D-75AA-40B6-B39B-DFF71B822D79}
	EndGlobalSection
EndGlobal
