
Microsoft Visual Studio Solution File, Format Version 12.00
# Visual Studio 15
VisualStudioVersion = 15.0.28010.2050
MinimumVisualStudioVersion = 10.0.40219.1
Project("{FAE04EC0-301F-11D3-BF4B-00C04F79EFBC}") = "OOP.Advance.System.IO", "OOP.Advance.System.IO\OOP.Advance.System.IO.csproj", "{707B8F6F-0A2B-4214-A751-8B88B5295B15}"
EndProject
Global
	GlobalSection(SolutionConfigurationPlatforms) = preSolution
		Debug|Any CPU = Debug|Any CPU
		Release|Any CPU = Release|Any CPU
	EndGlobalSection
	GlobalSection(ProjectConfigurationPlatforms) = postSolution
		{707B8F6F-0A2B-4214-A751-8B88B5295B15}.Debug|Any CPU.ActiveCfg = Debug|Any CPU
		{707B8F6F-0A2B-4214-A751-8B88B5295B15}.Debug|Any CPU.Build.0 = Debug|Any CPU
		{707B8F6F-0A2B-4214-A751-8B88B5295B15}.Release|Any CPU.ActiveCfg = Release|Any CPU
		{707B8F6F-0A2B-4214-A751-8B88B5295B15}.Release|Any CPU.Build.0 = Release|Any CPU
	EndGlobalSection
	GlobalSection(SolutionProperties) = preSolution
		HideSolutionNode = FALSE
	EndGlobalSection
	GlobalSection(ExtensibilityGlobals) = postSolution
		SolutionGuid = {50381AB2-62EF-4F7E-ADBB-B71217141D38}
	EndGlobalSection
EndGlobal
