
Microsoft Visual Studio Solution File, Format Version 12.00
# Visual Studio 15
VisualStudioVersion = 15.0.28010.2050
MinimumVisualStudioVersion = 10.0.40219.1
Project("{FAE04EC0-301F-11D3-BF4B-00C04F79EFBC}") = "OOP.Advance.XML", "OOP.Advance.XML\OOP.Advance.XML.csproj", "{BC5720F2-7C1E-44C0-B400-8C1A755BFAD8}"
EndProject
Global
	GlobalSection(SolutionConfigurationPlatforms) = preSolution
		Debug|Any CPU = Debug|Any CPU
		Release|Any CPU = Release|Any CPU
	EndGlobalSection
	GlobalSection(ProjectConfigurationPlatforms) = postSolution
		{BC5720F2-7C1E-44C0-B400-8C1A755BFAD8}.Debug|Any CPU.ActiveCfg = Debug|Any CPU
		{BC5720F2-7C1E-44C0-B400-8C1A755BFAD8}.Debug|Any CPU.Build.0 = Debug|Any CPU
		{BC5720F2-7C1E-44C0-B400-8C1A755BFAD8}.Release|Any CPU.ActiveCfg = Release|Any CPU
		{BC5720F2-7C1E-44C0-B400-8C1A755BFAD8}.Release|Any CPU.Build.0 = Release|Any CPU
	EndGlobalSection
	GlobalSection(SolutionProperties) = preSolution
		HideSolutionNode = FALSE
	EndGlobalSection
	GlobalSection(ExtensibilityGlobals) = postSolution
		SolutionGuid = {A532F81A-089B-441A-8508-483B0F24FEC7}
	EndGlobalSection
EndGlobal
