
Microsoft Visual Studio Solution File, Format Version 12.00
# Visual Studio 15
VisualStudioVersion = 15.0.28010.2050
MinimumVisualStudioVersion = 10.0.40219.1
Project("{FAE04EC0-301F-11D3-BF4B-00C04F79EFBC}") = "Regex.FindAllNumbersInAnyBrackets", "Regex.FindAllNumbersInAnyBrackets\Regex.FindAllNumbersInAnyBrackets.csproj", "{8FA380EA-F731-408D-A029-4376F5E6FC4F}"
EndProject
Global
	GlobalSection(SolutionConfigurationPlatforms) = preSolution
		Debug|Any CPU = Debug|Any CPU
		Release|Any CPU = Release|Any CPU
	EndGlobalSection
	GlobalSection(ProjectConfigurationPlatforms) = postSolution
		{8FA380EA-F731-408D-A029-4376F5E6FC4F}.Debug|Any CPU.ActiveCfg = Debug|Any CPU
		{8FA380EA-F731-408D-A029-4376F5E6FC4F}.Debug|Any CPU.Build.0 = Debug|Any CPU
		{8FA380EA-F731-408D-A029-4376F5E6FC4F}.Release|Any CPU.ActiveCfg = Release|Any CPU
		{8FA380EA-F731-408D-A029-4376F5E6FC4F}.Release|Any CPU.Build.0 = Release|Any CPU
	EndGlobalSection
	GlobalSection(SolutionProperties) = preSolution
		HideSolutionNode = FALSE
	EndGlobalSection
	GlobalSection(ExtensibilityGlobals) = postSolution
		SolutionGuid = {8D74A056-BCC7-444B-B606-3BDD62DC4DA3}
	EndGlobalSection
EndGlobal
