
Microsoft Visual Studio Solution File, Format Version 12.00
# Visual Studio 15
VisualStudioVersion = 15.0.28010.2050
MinimumVisualStudioVersion = 10.0.40219.1
Project("{FAE04EC0-301F-11D3-BF4B-00C04F79EFBC}") = "JSONSerialization", "JSONSerialization\JSONSerialization.csproj", "{4FD79660-03AD-4F5D-A7AB-CD61643B5D1B}"
EndProject
Global
	GlobalSection(SolutionConfigurationPlatforms) = preSolution
		Debug|Any CPU = Debug|Any CPU
		Release|Any CPU = Release|Any CPU
	EndGlobalSection
	GlobalSection(ProjectConfigurationPlatforms) = postSolution
		{4FD79660-03AD-4F5D-A7AB-CD61643B5D1B}.Debug|Any CPU.ActiveCfg = Debug|Any CPU
		{4FD79660-03AD-4F5D-A7AB-CD61643B5D1B}.Debug|Any CPU.Build.0 = Debug|Any CPU
		{4FD79660-03AD-4F5D-A7AB-CD61643B5D1B}.Release|Any CPU.ActiveCfg = Release|Any CPU
		{4FD79660-03AD-4F5D-A7AB-CD61643B5D1B}.Release|Any CPU.Build.0 = Release|Any CPU
	EndGlobalSection
	GlobalSection(SolutionProperties) = preSolution
		HideSolutionNode = FALSE
	EndGlobalSection
	GlobalSection(ExtensibilityGlobals) = postSolution
		SolutionGuid = {7D272A4A-C070-42F7-8262-5C3FA1883896}
	EndGlobalSection
EndGlobal
