
Microsoft Visual Studio Solution File, Format Version 12.00
# Visual Studio 15
VisualStudioVersion = 15.0.28010.2050
MinimumVisualStudioVersion = 10.0.40219.1
Project("{FAE04EC0-301F-11D3-BF4B-00C04F79EFBC}") = "Staff.AmScrapping", "Staff.AmScrapping\Staff.AmScrapping.csproj", "{4C526CFA-302F-40D1-B081-77AA4B3312E4}"
EndProject
Global
	GlobalSection(SolutionConfigurationPlatforms) = preSolution
		Debug|Any CPU = Debug|Any CPU
		Release|Any CPU = Release|Any CPU
	EndGlobalSection
	GlobalSection(ProjectConfigurationPlatforms) = postSolution
		{4C526CFA-302F-40D1-B081-77AA4B3312E4}.Debug|Any CPU.ActiveCfg = Debug|Any CPU
		{4C526CFA-302F-40D1-B081-77AA4B3312E4}.Debug|Any CPU.Build.0 = Debug|Any CPU
		{4C526CFA-302F-40D1-B081-77AA4B3312E4}.Release|Any CPU.ActiveCfg = Release|Any CPU
		{4C526CFA-302F-40D1-B081-77AA4B3312E4}.Release|Any CPU.Build.0 = Release|Any CPU
	EndGlobalSection
	GlobalSection(SolutionProperties) = preSolution
		HideSolutionNode = FALSE
	EndGlobalSection
	GlobalSection(ExtensibilityGlobals) = postSolution
		SolutionGuid = {F26EF89A-43B0-4B84-9625-BFACBF7EF955}
	EndGlobalSection
EndGlobal
