
Microsoft Visual Studio Solution File, Format Version 12.00
# Visual Studio 15
VisualStudioVersion = 15.0.28010.2050
MinimumVisualStudioVersion = 10.0.40219.1
Project("{FAE04EC0-301F-11D3-BF4B-00C04F79EFBC}") = "XML_Configuration.AdditionalTasks", "XML_Configuration.AdditionalTasks\XML_Configuration.AdditionalTasks.csproj", "{9C58BEDA-6CC7-4BBA-BE9B-DA6648AC24DA}"
EndProject
Global
	GlobalSection(SolutionConfigurationPlatforms) = preSolution
		Debug|Any CPU = Debug|Any CPU
		Release|Any CPU = Release|Any CPU
	EndGlobalSection
	GlobalSection(ProjectConfigurationPlatforms) = postSolution
		{9C58BEDA-6CC7-4BBA-BE9B-DA6648AC24DA}.Debug|Any CPU.ActiveCfg = Debug|Any CPU
		{9C58BEDA-6CC7-4BBA-BE9B-DA6648AC24DA}.Debug|Any CPU.Build.0 = Debug|Any CPU
		{9C58BEDA-6CC7-4BBA-BE9B-DA6648AC24DA}.Release|Any CPU.ActiveCfg = Release|Any CPU
		{9C58BEDA-6CC7-4BBA-BE9B-DA6648AC24DA}.Release|Any CPU.Build.0 = Release|Any CPU
	EndGlobalSection
	GlobalSection(SolutionProperties) = preSolution
		HideSolutionNode = FALSE
	EndGlobalSection
	GlobalSection(ExtensibilityGlobals) = postSolution
		SolutionGuid = {AFEF1F49-97C0-44F4-AA1B-32878A363C47}
	EndGlobalSection
EndGlobal
