
Microsoft Visual Studio Solution File, Format Version 12.00
# Visual Studio 15
VisualStudioVersion = 15.0.28010.2050
MinimumVisualStudioVersion = 10.0.40219.1
Project("{FAE04EC0-301F-11D3-BF4B-00C04F79EFBC}") = "OOP.Advance.System.IO.Terminal", "OOP.Advance.System.IO.Terminal\OOP.Advance.System.IO.Terminal.csproj", "{7C2709BB-A732-4FF4-BEF4-31ED8B559D5D}"
EndProject
Global
	GlobalSection(SolutionConfigurationPlatforms) = preSolution
		Debug|Any CPU = Debug|Any CPU
		Release|Any CPU = Release|Any CPU
	EndGlobalSection
	GlobalSection(ProjectConfigurationPlatforms) = postSolution
		{7C2709BB-A732-4FF4-BEF4-31ED8B559D5D}.Debug|Any CPU.ActiveCfg = Debug|Any CPU
		{7C2709BB-A732-4FF4-BEF4-31ED8B559D5D}.Debug|Any CPU.Build.0 = Debug|Any CPU
		{7C2709BB-A732-4FF4-BEF4-31ED8B559D5D}.Release|Any CPU.ActiveCfg = Release|Any CPU
		{7C2709BB-A732-4FF4-BEF4-31ED8B559D5D}.Release|Any CPU.Build.0 = Release|Any CPU
	EndGlobalSection
	GlobalSection(SolutionProperties) = preSolution
		HideSolutionNode = FALSE
	EndGlobalSection
	GlobalSection(ExtensibilityGlobals) = postSolution
		SolutionGuid = {001259A3-851D-4AED-B2EB-68245D1C6AD0}
	EndGlobalSection
EndGlobal
